
Microsoft Visual Studio Solution File, Format Version 12.00
# Visual Studio Version 17
VisualStudioVersion = 17.7.34031.279
MinimumVisualStudioVersion = 10.0.40219.1
Project("{9A19103F-16F7-4668-BE54-9A1E7A4F7556}") = "TimeTracker", "TimeTracker\TimeTracker.csproj", "{3AB8BAB1-F6F2-441E-8C76-2A6E282D7217}"
EndProject
Project("{2150E333-8FDC-42A3-9474-1A3956D46DE8}") = "Shared", "Shared", "{AEF49E54-D2B6-4361-A303-9441E49D96D5}"
EndProject
Project("{2150E333-8FDC-42A3-9474-1A3956D46DE8}") = "Database", "Database", "{7CD7F14D-56E9-47AD-A664-E6A442C11495}"
EndProject
Project("{2150E333-8FDC-42A3-9474-1A3956D46DE8}") = "Network", "Network", "{655418F5-DD72-4F4D-8545-215133FAF099}"
EndProject
Project("{2150E333-8FDC-42A3-9474-1A3956D46DE8}") = "Entity", "Entity", "{765C7DC7-195E-4CEC-9DFA-AA07AB0562C7}"
EndProject
Project("{2150E333-8FDC-42A3-9474-1A3956D46DE8}") = "Application", "Application", "{FA65C2E6-4002-4DF9-AAF1-9BE1378745A2}"
EndProject
Global
	GlobalSection(SolutionConfigurationPlatforms) = preSolution
		Debug|Any CPU = Debug|Any CPU
		Release|Any CPU = Release|Any CPU
	EndGlobalSection
	GlobalSection(ProjectConfigurationPlatforms) = postSolution
		{3AB8BAB1-F6F2-441E-8C76-2A6E282D7217}.Debug|Any CPU.ActiveCfg = Debug|Any CPU
		{3AB8BAB1-F6F2-441E-8C76-2A6E282D7217}.Debug|Any CPU.Build.0 = Debug|Any CPU
		{3AB8BAB1-F6F2-441E-8C76-2A6E282D7217}.Release|Any CPU.ActiveCfg = Release|Any CPU
		{3AB8BAB1-F6F2-441E-8C76-2A6E282D7217}.Release|Any CPU.Build.0 = Release|Any CPU
	EndGlobalSection
	GlobalSection(SolutionProperties) = preSolution
		HideSolutionNode = FALSE
	EndGlobalSection
	GlobalSection(NestedProjects) = preSolution
		{7CD7F14D-56E9-47AD-A664-E6A442C11495} = {AEF49E54-D2B6-4361-A303-9441E49D96D5}
		{655418F5-DD72-4F4D-8545-215133FAF099} = {AEF49E54-D2B6-4361-A303-9441E49D96D5}
		{765C7DC7-195E-4CEC-9DFA-AA07AB0562C7} = {AEF49E54-D2B6-4361-A303-9441E49D96D5}
	EndGlobalSection
	GlobalSection(ExtensibilityGlobals) = postSolution
		SolutionGuid = {8353D886-F853-4341-830B-568DEC599D57}
	EndGlobalSection
EndGlobal
